{
  "requires": true,
  "lockfileVersion": 1,
  "dependencies": {
    "detect-indent": {
      "version": "5.0.0",
      "resolved": "https://registry.nlark.com/detect-indent/download/detect-indent-5.0.0.tgz?cache=0&sync_timestamp=1622185125989&other_urls=https%3A%2F%2Fregistry.nlark.com%2Fdetect-indent%2Fdownload%2Fdetect-indent-5.0.0.tgz",
      "integrity": "sha1-OHHMCmoALow+Wzz38zYmRnXwa50="
    },
    "highlight.js": {
      "version": "11.2.0",
      "resolved": "https://registry.nlark.com/highlight.js/download/highlight.js-11.2.0.tgz",
      "integrity": "sha1-p+O4wf3E8FOLk7LcLd1TpAxqsPA="
    },
    "indent-string": {
      "version": "3.2.0",
      "resolved": "https://registry.nlark.com/indent-string/download/indent-string-3.2.0.tgz?cache=0&sync_timestamp=1618847271946&other_urls=https%3A%2F%2Fregistry.nlark.com%2Findent-string%2Fdownload%2Findent-string-3.2.0.tgz",
      "integrity": "sha1-Sl/W0nzDMvN+VBmlBNu4NxBckok="
    },
    "marked": {
      "version": "2.1.3",
      "resolved": "https://registry.nlark.com/marked/download/marked-2.1.3.tgz"
    },
    "redent": {
      "version": "2.0.0",
      "resolved": "https://registry.nlark.com/redent/download/redent-2.0.0.tgz?cache=0&sync_timestamp=1620069702182&other_urls=https%3A%2F%2Fregistry.nlark.com%2Fredent%2Fdownload%2Fredent-2.0.0.tgz",
      "integrity": "sha1-wbIAe0LVfrE4kHmzyDM2OdXhzKo=",
      "requires": {
        "indent-string": "^3.0.0",
        "strip-indent": "^2.0.0"
      }
    },
    "strip-indent": {
      "version": "2.0.0",
      "resolved": "https://registry.nlark.com/strip-indent/download/strip-indent-2.0.0.tgz",
      "integrity": "sha1-XvjbKV0B5u1sv3qrlpmNeCJSe2g="
    },
    "tslib": {
      "version": "1.14.1",
      "resolved": "https://registry.nlark.com/tslib/download/tslib-1.14.1.tgz?cache=0&other_urls=https%3A%2F%2Fregistry.nlark.com%2Ftslib%2Fdownload%2Ftslib-1.14.1.tgz",
      "integrity": "sha1-zy04vcNKE0vK8QkcQfZhni9nLQA="
    },
    "vue-highlight.js": {
      "version": "3.1.0",
      "resolved": "https://registry.npm.taobao.org/vue-highlight.js/download/vue-highlight.js-3.1.0.tgz",
      "integrity": "sha1-h7YLSTH9MQsxjysskRb+cbad0FM=",
      "requires": {
        "detect-indent": "^5.0.0",
        "redent": "^2.0.0",
        "tslib": "^1.9.3"
      }
    }
  }
}
